
Microsoft Visual Studio Solution File, Format Version 12.00
# Visual Studio Version 17
VisualStudioVersion = 17.4.33213.308
MinimumVisualStudioVersion = 10.0.40219.1
Project("{FAE04EC0-301F-11D3-BF4B-00C04F79EFBC}") = "ConsoleApp10", "ConsoleApp10\ConsoleApp10.csproj", "{D2422116-9652-4FF1-817D-F940C8183933}"
EndProject
Global
	GlobalSection(SolutionConfigurationPlatforms) = preSolution
		Debug|Any CPU = Debug|Any CPU
		Release|Any CPU = Release|Any CPU
	EndGlobalSection
	GlobalSection(ProjectConfigurationPlatforms) = postSolution
		{D2422116-9652-4FF1-817D-F940C8183933}.Debug|Any CPU.ActiveCfg = Debug|Any CPU
		{D2422116-9652-4FF1-817D-F940C8183933}.Debug|Any CPU.Build.0 = Debug|Any CPU
		{D2422116-9652-4FF1-817D-F940C8183933}.Release|Any CPU.ActiveCfg = Release|Any CPU
		{D2422116-9652-4FF1-817D-F940C8183933}.Release|Any CPU.Build.0 = Release|Any CPU
	EndGlobalSection
	GlobalSection(SolutionProperties) = preSolution
		HideSolutionNode = FALSE
	EndGlobalSection
	GlobalSection(ExtensibilityGlobals) = postSolution
		SolutionGuid = {45C3B7FD-F122-462A-AE57-3E45B1FC35DA}
	EndGlobalSection
EndGlobal
